
Microsoft Visual Studio Solution File, Format Version 12.00
# Visual Studio 15
VisualStudioVersion = 15.0.26730.16
MinimumVisualStudioVersion = 10.0.40219.1
Project("{D954291E-2A0B-460D-934E-DC6B0785DB48}") = "Laboratorio2", "Laboratorio2\Laboratorio2\Laboratorio2.shproj", "{ED389556-6AB4-4939-9B54-FF08B1D11747}"
EndProject
Project("{FAE04EC0-301F-11D3-BF4B-00C04F79EFBC}") = "Laboratorio2.Android", "Laboratorio2\Laboratorio2.Android\Laboratorio2.Android.csproj", "{9F15085C-83E7-4C3C-BB11-03C567045BA7}"
EndProject
Project("{FAE04EC0-301F-11D3-BF4B-00C04F79EFBC}") = "Laboratorio2.iOS", "Laboratorio2\Laboratorio2.iOS\Laboratorio2.iOS.csproj", "{62D37192-3D7B-4685-8C35-7B05798E33BE}"
EndProject
Project("{FAE04EC0-301F-11D3-BF4B-00C04F79EFBC}") = "Laboratorio2.UWP", "Laboratorio2\Laboratorio2.UWP\Laboratorio2.UWP.csproj", "{D9398016-641D-491A-A176-9DE5555EF058}"
EndProject
Global
	GlobalSection(SharedMSBuildProjectFiles) = preSolution
		Laboratorio2\Laboratorio2\Laboratorio2.projitems*{62d37192-3d7b-4685-8c35-7b05798e33be}*SharedItemsImports = 4
		Laboratorio2\Laboratorio2\Laboratorio2.projitems*{9f15085c-83e7-4c3c-bb11-03c567045ba7}*SharedItemsImports = 4
		Laboratorio2\Laboratorio2\Laboratorio2.projitems*{d9398016-641d-491a-a176-9de5555ef058}*SharedItemsImports = 4
		Laboratorio2\Laboratorio2\Laboratorio2.projitems*{ed389556-6ab4-4939-9b54-ff08b1d11747}*SharedItemsImports = 13
	EndGlobalSection
	GlobalSection(SolutionConfigurationPlatforms) = preSolution
		Ad-Hoc|Any CPU = Ad-Hoc|Any CPU
		Ad-Hoc|ARM = Ad-Hoc|ARM
		Ad-Hoc|iPhone = Ad-Hoc|iPhone
		Ad-Hoc|iPhoneSimulator = Ad-Hoc|iPhoneSimulator
		Ad-Hoc|x64 = Ad-Hoc|x64
		Ad-Hoc|x86 = Ad-Hoc|x86
		AppStore|Any CPU = AppStore|Any CPU
		AppStore|ARM = AppStore|ARM
		AppStore|iPhone = AppStore|iPhone
		AppStore|iPhoneSimulator = AppStore|iPhoneSimulator
		AppStore|x64 = AppStore|x64
		AppStore|x86 = AppStore|x86
		Debug|Any CPU = Debug|Any CPU
		Debug|ARM = Debug|ARM
		Debug|iPhone = Debug|iPhone
		Debug|iPhoneSimulator = Debug|iPhoneSimulator
		Debug|x64 = Debug|x64
		Debug|x86 = Debug|x86
		Release|Any CPU = Release|Any CPU
		Release|ARM = Release|ARM
		Release|iPhone = Release|iPhone
		Release|iPhoneSimulator = Release|iPhoneSimulator
		Release|x64 = Release|x64
		Release|x86 = Release|x86
	EndGlobalSection
	GlobalSection(ProjectConfigurationPlatforms) = postSolution
		{9F15085C-83E7-4C3C-BB11-03C567045BA7}.Ad-Hoc|Any CPU.ActiveCfg = Release|Any CPU
		{9F15085C-83E7-4C3C-BB11-03C567045BA7}.Ad-Hoc|Any CPU.Build.0 = Release|Any CPU
		{9F15085C-83E7-4C3C-BB11-03C567045BA7}.Ad-Hoc|Any CPU.Deploy.0 = Release|Any CPU
		{9F15085C-83E7-4C3C-BB11-03C567045BA7}.Ad-Hoc|ARM.ActiveCfg = Release|Any CPU
		{9F15085C-83E7-4C3C-BB11-03C567045BA7}.Ad-Hoc|ARM.Build.0 = Release|Any CPU
		{9F15085C-83E7-4C3C-BB11-03C567045BA7}.Ad-Hoc|ARM.Deploy.0 = Release|Any CPU
		{9F15085C-83E7-4C3C-BB11-03C567045BA7}.Ad-Hoc|iPhone.ActiveCfg = Release|Any CPU
		{9F15085C-83E7-4C3C-BB11-03C567045BA7}.Ad-Hoc|iPhone.Build.0 = Release|Any CPU
		{9F15085C-83E7-4C3C-BB11-03C567045BA7}.Ad-Hoc|iPhone.Deploy.0 = Release|Any CPU
		{9F15085C-83E7-4C3C-BB11-03C567045BA7}.Ad-Hoc|iPhoneSimulator.ActiveCfg = Release|Any CPU
		{9F15085C-83E7-4C3C-BB11-03C567045BA7}.Ad-Hoc|iPhoneSimulator.Build.0 = Release|Any CPU
		{9F15085C-83E7-4C3C-BB11-03C567045BA7}.Ad-Hoc|iPhoneSimulator.Deploy.0 = Release|Any CPU
		{9F15085C-83E7-4C3C-BB11-03C567045BA7}.Ad-Hoc|x64.ActiveCfg = Release|Any CPU
		{9F15085C-83E7-4C3C-BB11-03C567045BA7}.Ad-Hoc|x64.Build.0 = Release|Any CPU
		{9F15085C-83E7-4C3C-BB11-03C567045BA7}.Ad-Hoc|x64.Deploy.0 = Release|Any CPU
		{9F15085C-83E7-4C3C-BB11-03C567045BA7}.Ad-Hoc|x86.ActiveCfg = Release|Any CPU
		{9F15085C-83E7-4C3C-BB11-03C567045BA7}.Ad-Hoc|x86.Build.0 = Release|Any CPU
		{9F15085C-83E7-4C3C-BB11-03C567045BA7}.Ad-Hoc|x86.Deploy.0 = Release|Any CPU
		{9F15085C-83E7-4C3C-BB11-03C567045BA7}.AppStore|Any CPU.ActiveCfg = Release|Any CPU
		{9F15085C-83E7-4C3C-BB11-03C567045BA7}.AppStore|Any CPU.Build.0 = Release|Any CPU
		{9F15085C-83E7-4C3C-BB11-03C567045BA7}.AppStore|Any CPU.Deploy.0 = Release|Any CPU
		{9F15085C-83E7-4C3C-BB11-03C567045BA7}.AppStore|ARM.ActiveCfg = Release|Any CPU
		{9F15085C-83E7-4C3C-BB11-03C567045BA7}.AppStore|ARM.Build.0 = Release|Any CPU
		{9F15085C-83E7-4C3C-BB11-03C567045BA7}.AppStore|ARM.Deploy.0 = Release|Any CPU
		{9F15085C-83E7-4C3C-BB11-03C567045BA7}.AppStore|iPhone.ActiveCfg = Release|Any CPU
		{9F15085C-83E7-4C3C-BB11-03C567045BA7}.AppStore|iPhone.Build.0 = Release|Any CPU
		{9F15085C-83E7-4C3C-BB11-03C567045BA7}.AppStore|iPhone.Deploy.0 = Release|Any CPU
		{9F15085C-83E7-4C3C-BB11-03C567045BA7}.AppStore|iPhoneSimulator.ActiveCfg = Release|Any CPU
		{9F15085C-83E7-4C3C-BB11-03C567045BA7}.AppStore|iPhoneSimulator.Build.0 = Release|Any CPU
		{9F15085C-83E7-4C3C-BB11-03C567045BA7}.AppStore|iPhoneSimulator.Deploy.0 = Release|Any CPU
		{9F15085C-83E7-4C3C-BB11-03C567045BA7}.AppStore|x64.ActiveCfg = Release|Any CPU
		{9F15085C-83E7-4C3C-BB11-03C567045BA7}.AppStore|x64.Build.0 = Release|Any CPU
		{9F15085C-83E7-4C3C-BB11-03C567045BA7}.AppStore|x64.Deploy.0 = Release|Any CPU
		{9F15085C-83E7-4C3C-BB11-03C567045BA7}.AppStore|x86.ActiveCfg = Release|Any CPU
		{9F15085C-83E7-4C3C-BB11-03C567045BA7}.AppStore|x86.Build.0 = Release|Any CPU
		{9F15085C-83E7-4C3C-BB11-03C567045BA7}.AppStore|x86.Deploy.0 = Release|Any CPU
		{9F15085C-83E7-4C3C-BB11-03C567045BA7}.Debug|Any CPU.ActiveCfg = Debug|Any CPU
		{9F15085C-83E7-4C3C-BB11-03C567045BA7}.Debug|Any CPU.Build.0 = Debug|Any CPU
		{9F15085C-83E7-4C3C-BB11-03C567045BA7}.Debug|Any CPU.Deploy.0 = Debug|Any CPU
		{9F15085C-83E7-4C3C-BB11-03C567045BA7}.Debug|ARM.ActiveCfg = Debug|Any CPU
		{9F15085C-83E7-4C3C-BB11-03C567045BA7}.Debug|ARM.Build.0 = Debug|Any CPU
		{9F15085C-83E7-4C3C-BB11-03C567045BA7}.Debug|ARM.Deploy.0 = Debug|Any CPU
		{9F15085C-83E7-4C3C-BB11-03C567045BA7}.Debug|iPhone.ActiveCfg = Debug|Any CPU
		{9F15085C-83E7-4C3C-BB11-03C567045BA7}.Debug|iPhone.Build.0 = Debug|Any CPU
		{9F15085C-83E7-4C3C-BB11-03C567045BA7}.Debug|iPhone.Deploy.0 = Debug|Any CPU
		{9F15085C-83E7-4C3C-BB11-03C567045BA7}.Debug|iPhoneSimulator.ActiveCfg = Debug|Any CPU
		{9F15085C-83E7-4C3C-BB11-03C567045BA7}.Debug|iPhoneSimulator.Build.0 = Debug|Any CPU
		{9F15085C-83E7-4C3C-BB11-03C567045BA7}.Debug|iPhoneSimulator.Deploy.0 = Debug|Any CPU
		{9F15085C-83E7-4C3C-BB11-03C567045BA7}.Debug|x64.ActiveCfg = Debug|Any CPU
		{9F15085C-83E7-4C3C-BB11-03C567045BA7}.Debug|x64.Build.0 = Debug|Any CPU
		{9F15085C-83E7-4C3C-BB11-03C567045BA7}.Debug|x64.Deploy.0 = Debug|Any CPU
		{9F15085C-83E7-4C3C-BB11-03C567045BA7}.Debug|x86.ActiveCfg = Debug|Any CPU
		{9F15085C-83E7-4C3C-BB11-03C567045BA7}.Debug|x86.Build.0 = Debug|Any CPU
		{9F15085C-83E7-4C3C-BB11-03C567045BA7}.Debug|x86.Deploy.0 = Debug|Any CPU
		{9F15085C-83E7-4C3C-BB11-03C567045BA7}.Release|Any CPU.ActiveCfg = Release|Any CPU
		{9F15085C-83E7-4C3C-BB11-03C567045BA7}.Release|Any CPU.Build.0 = Release|Any CPU
		{9F15085C-83E7-4C3C-BB11-03C567045BA7}.Release|Any CPU.Deploy.0 = Release|Any CPU
		{9F15085C-83E7-4C3C-BB11-03C567045BA7}.Release|ARM.ActiveCfg = Release|Any CPU
		{9F15085C-83E7-4C3C-BB11-03C567045BA7}.Release|ARM.Build.0 = Release|Any CPU
		{9F15085C-83E7-4C3C-BB11-03C567045BA7}.Release|ARM.Deploy.0 = Release|Any CPU
		{9F15085C-83E7-4C3C-BB11-03C567045BA7}.Release|iPhone.ActiveCfg = Release|Any CPU
		{9F15085C-83E7-4C3C-BB11-03C567045BA7}.Release|iPhone.Build.0 = Release|Any CPU
		{9F15085C-83E7-4C3C-BB11-03C567045BA7}.Release|iPhone.Deploy.0 = Release|Any CPU
		{9F15085C-83E7-4C3C-BB11-03C567045BA7}.Release|iPhoneSimulator.ActiveCfg = Release|Any CPU
		{9F15085C-83E7-4C3C-BB11-03C567045BA7}.Release|iPhoneSimulator.Build.0 = Release|Any CPU
		{9F15085C-83E7-4C3C-BB11-03C567045BA7}.Release|iPhoneSimulator.Deploy.0 = Release|Any CPU
		{9F15085C-83E7-4C3C-BB11-03C567045BA7}.Release|x64.ActiveCfg = Release|Any CPU
		{9F15085C-83E7-4C3C-BB11-03C567045BA7}.Release|x64.Build.0 = Release|Any CPU
		{9F15085C-83E7-4C3C-BB11-03C567045BA7}.Release|x64.Deploy.0 = Release|Any CPU
		{9F15085C-83E7-4C3C-BB11-03C567045BA7}.Release|x86.ActiveCfg = Release|Any CPU
		{9F15085C-83E7-4C3C-BB11-03C567045BA7}.Release|x86.Build.0 = Release|Any CPU
		{9F15085C-83E7-4C3C-BB11-03C567045BA7}.Release|x86.Deploy.0 = Release|Any CPU
		{62D37192-3D7B-4685-8C35-7B05798E33BE}.Ad-Hoc|Any CPU.ActiveCfg = Ad-Hoc|iPhone
		{62D37192-3D7B-4685-8C35-7B05798E33BE}.Ad-Hoc|ARM.ActiveCfg = Ad-Hoc|iPhone
		{62D37192-3D7B-4685-8C35-7B05798E33BE}.Ad-Hoc|iPhone.ActiveCfg = Ad-Hoc|iPhone
		{62D37192-3D7B-4685-8C35-7B05798E33BE}.Ad-Hoc|iPhone.Build.0 = Ad-Hoc|iPhone
		{62D37192-3D7B-4685-8C35-7B05798E33BE}.Ad-Hoc|iPhoneSimulator.ActiveCfg = Ad-Hoc|iPhoneSimulator
		{62D37192-3D7B-4685-8C35-7B05798E33BE}.Ad-Hoc|iPhoneSimulator.Build.0 = Ad-Hoc|iPhoneSimulator
		{62D37192-3D7B-4685-8C35-7B05798E33BE}.Ad-Hoc|x64.ActiveCfg = Ad-Hoc|iPhone
		{62D37192-3D7B-4685-8C35-7B05798E33BE}.Ad-Hoc|x86.ActiveCfg = Ad-Hoc|iPhone
		{62D37192-3D7B-4685-8C35-7B05798E33BE}.AppStore|Any CPU.ActiveCfg = AppStore|iPhone
		{62D37192-3D7B-4685-8C35-7B05798E33BE}.AppStore|ARM.ActiveCfg = AppStore|iPhone
		{62D37192-3D7B-4685-8C35-7B05798E33BE}.AppStore|iPhone.ActiveCfg = AppStore|iPhone
		{62D37192-3D7B-4685-8C35-7B05798E33BE}.AppStore|iPhone.Build.0 = AppStore|iPhone
		{62D37192-3D7B-4685-8C35-7B05798E33BE}.AppStore|iPhoneSimulator.ActiveCfg = AppStore|iPhoneSimulator
		{62D37192-3D7B-4685-8C35-7B05798E33BE}.AppStore|iPhoneSimulator.Build.0 = AppStore|iPhoneSimulator
		{62D37192-3D7B-4685-8C35-7B05798E33BE}.AppStore|x64.ActiveCfg = AppStore|iPhone
		{62D37192-3D7B-4685-8C35-7B05798E33BE}.AppStore|x86.ActiveCfg = AppStore|iPhone
		{62D37192-3D7B-4685-8C35-7B05798E33BE}.Debug|Any CPU.ActiveCfg = Debug|iPhone
		{62D37192-3D7B-4685-8C35-7B05798E33BE}.Debug|ARM.ActiveCfg = Debug|iPhone
		{62D37192-3D7B-4685-8C35-7B05798E33BE}.Debug|iPhone.ActiveCfg = Debug|iPhone
		{62D37192-3D7B-4685-8C35-7B05798E33BE}.Debug|iPhone.Build.0 = Debug|iPhone
		{62D37192-3D7B-4685-8C35-7B05798E33BE}.Debug|iPhoneSimulator.ActiveCfg = Debug|iPhoneSimulator
		{62D37192-3D7B-4685-8C35-7B05798E33BE}.Debug|iPhoneSimulator.Build.0 = Debug|iPhoneSimulator
		{62D37192-3D7B-4685-8C35-7B05798E33BE}.Debug|x64.ActiveCfg = Debug|iPhone
		{62D37192-3D7B-4685-8C35-7B05798E33BE}.Debug|x86.ActiveCfg = Debug|iPhone
		{62D37192-3D7B-4685-8C35-7B05798E33BE}.Release|Any CPU.ActiveCfg = Release|iPhone
		{62D37192-3D7B-4685-8C35-7B05798E33BE}.Release|ARM.ActiveCfg = Release|iPhone
		{62D37192-3D7B-4685-8C35-7B05798E33BE}.Release|iPhone.ActiveCfg = Release|iPhone
		{62D37192-3D7B-4685-8C35-7B05798E33BE}.Release|iPhone.Build.0 = Release|iPhone
		{62D37192-3D7B-4685-8C35-7B05798E33BE}.Release|iPhoneSimulator.ActiveCfg = Release|iPhoneSimulator
		{62D37192-3D7B-4685-8C35-7B05798E33BE}.Release|iPhoneSimulator.Build.0 = Release|iPhoneSimulator
		{62D37192-3D7B-4685-8C35-7B05798E33BE}.Release|x64.ActiveCfg = Release|iPhone
		{62D37192-3D7B-4685-8C35-7B05798E33BE}.Release|x86.ActiveCfg = Release|iPhone
		{D9398016-641D-491A-A176-9DE5555EF058}.Ad-Hoc|Any CPU.ActiveCfg = Release|x86
		{D9398016-641D-491A-A176-9DE5555EF058}.Ad-Hoc|Any CPU.Build.0 = Release|x86
		{D9398016-641D-491A-A176-9DE5555EF058}.Ad-Hoc|Any CPU.Deploy.0 = Release|x86
		{D9398016-641D-491A-A176-9DE5555EF058}.Ad-Hoc|ARM.ActiveCfg = Release|ARM
		{D9398016-641D-491A-A176-9DE5555EF058}.Ad-Hoc|ARM.Build.0 = Release|ARM
		{D9398016-641D-491A-A176-9DE5555EF058}.Ad-Hoc|ARM.Deploy.0 = Release|ARM
		{D9398016-641D-491A-A176-9DE5555EF058}.Ad-Hoc|iPhone.ActiveCfg = Release|x86
		{D9398016-641D-491A-A176-9DE5555EF058}.Ad-Hoc|iPhone.Build.0 = Release|x86
		{D9398016-641D-491A-A176-9DE5555EF058}.Ad-Hoc|iPhone.Deploy.0 = Release|x86
		{D9398016-641D-491A-A176-9DE5555EF058}.Ad-Hoc|iPhoneSimulator.ActiveCfg = Release|x86
		{D9398016-641D-491A-A176-9DE5555EF058}.Ad-Hoc|iPhoneSimulator.Build.0 = Release|x86
		{D9398016-641D-491A-A176-9DE5555EF058}.Ad-Hoc|iPhoneSimulator.Deploy.0 = Release|x86
		{D9398016-641D-491A-A176-9DE5555EF058}.Ad-Hoc|x64.ActiveCfg = Release|x64
		{D9398016-641D-491A-A176-9DE5555EF058}.Ad-Hoc|x64.Build.0 = Release|x64
		{D9398016-641D-491A-A176-9DE5555EF058}.Ad-Hoc|x64.Deploy.0 = Release|x64
		{D9398016-641D-491A-A176-9DE5555EF058}.Ad-Hoc|x86.ActiveCfg = Release|x86
		{D9398016-641D-491A-A176-9DE5555EF058}.Ad-Hoc|x86.Build.0 = Release|x86
		{D9398016-641D-491A-A176-9DE5555EF058}.Ad-Hoc|x86.Deploy.0 = Release|x86
		{D9398016-641D-491A-A176-9DE5555EF058}.AppStore|Any CPU.ActiveCfg = Release|x86
		{D9398016-641D-491A-A176-9DE5555EF058}.AppStore|Any CPU.Build.0 = Release|x86
		{D9398016-641D-491A-A176-9DE5555EF058}.AppStore|Any CPU.Deploy.0 = Release|x86
		{D9398016-641D-491A-A176-9DE5555EF058}.AppStore|ARM.ActiveCfg = Release|ARM
		{D9398016-641D-491A-A176-9DE5555EF058}.AppStore|ARM.Build.0 = Release|ARM
		{D9398016-641D-491A-A176-9DE5555EF058}.AppStore|ARM.Deploy.0 = Release|ARM
		{D9398016-641D-491A-A176-9DE5555EF058}.AppStore|iPhone.ActiveCfg = Release|x86
		{D9398016-641D-491A-A176-9DE5555EF058}.AppStore|iPhone.Build.0 = Release|x86
		{D9398016-641D-491A-A176-9DE5555EF058}.AppStore|iPhone.Deploy.0 = Release|x86
		{D9398016-641D-491A-A176-9DE5555EF058}.AppStore|iPhoneSimulator.ActiveCfg = Release|x86
		{D9398016-641D-491A-A176-9DE5555EF058}.AppStore|iPhoneSimulator.Build.0 = Release|x86
		{D9398016-641D-491A-A176-9DE5555EF058}.AppStore|iPhoneSimulator.Deploy.0 = Release|x86
		{D9398016-641D-491A-A176-9DE5555EF058}.AppStore|x64.ActiveCfg = Release|x64
		{D9398016-641D-491A-A176-9DE5555EF058}.AppStore|x64.Build.0 = Release|x64
		{D9398016-641D-491A-A176-9DE5555EF058}.AppStore|x64.Deploy.0 = Release|x64
		{D9398016-641D-491A-A176-9DE5555EF058}.AppStore|x86.ActiveCfg = Release|x86
		{D9398016-641D-491A-A176-9DE5555EF058}.AppStore|x86.Build.0 = Release|x86
		{D9398016-641D-491A-A176-9DE5555EF058}.AppStore|x86.Deploy.0 = Release|x86
		{D9398016-641D-491A-A176-9DE5555EF058}.Debug|Any CPU.ActiveCfg = Debug|x86
		{D9398016-641D-491A-A176-9DE5555EF058}.Debug|ARM.ActiveCfg = Debug|ARM
		{D9398016-641D-491A-A176-9DE5555EF058}.Debug|ARM.Build.0 = Debug|ARM
		{D9398016-641D-491A-A176-9DE5555EF058}.Debug|ARM.Deploy.0 = Debug|ARM
		{D9398016-641D-491A-A176-9DE5555EF058}.Debug|iPhone.ActiveCfg = Debug|x86
		{D9398016-641D-491A-A176-9DE5555EF058}.Debug|iPhoneSimulator.ActiveCfg = Debug|x86
		{D9398016-641D-491A-A176-9DE5555EF058}.Debug|x64.ActiveCfg = Debug|x64
		{D9398016-641D-491A-A176-9DE5555EF058}.Debug|x64.Build.0 = Debug|x64
		{D9398016-641D-491A-A176-9DE5555EF058}.Debug|x64.Deploy.0 = Debug|x64
		{D9398016-641D-491A-A176-9DE5555EF058}.Debug|x86.ActiveCfg = Debug|x86
		{D9398016-641D-491A-A176-9DE5555EF058}.Debug|x86.Build.0 = Debug|x86
		{D9398016-641D-491A-A176-9DE5555EF058}.Debug|x86.Deploy.0 = Debug|x86
		{D9398016-641D-491A-A176-9DE5555EF058}.Release|Any CPU.ActiveCfg = Release|x86
		{D9398016-641D-491A-A176-9DE5555EF058}.Release|ARM.ActiveCfg = Release|ARM
		{D9398016-641D-491A-A176-9DE5555EF058}.Release|ARM.Build.0 = Release|ARM
		{D9398016-641D-491A-A176-9DE5555EF058}.Release|ARM.Deploy.0 = Release|ARM
		{D9398016-641D-491A-A176-9DE5555EF058}.Release|iPhone.ActiveCfg = Release|x86
		{D9398016-641D-491A-A176-9DE5555EF058}.Release|iPhoneSimulator.ActiveCfg = Release|x86
		{D9398016-641D-491A-A176-9DE5555EF058}.Release|x64.ActiveCfg = Release|x64
		{D9398016-641D-491A-A176-9DE5555EF058}.Release|x64.Build.0 = Release|x64
		{D9398016-641D-491A-A176-9DE5555EF058}.Release|x64.Deploy.0 = Release|x64
		{D9398016-641D-491A-A176-9DE5555EF058}.Release|x86.ActiveCfg = Release|x86
		{D9398016-641D-491A-A176-9DE5555EF058}.Release|x86.Build.0 = Release|x86
		{D9398016-641D-491A-A176-9DE5555EF058}.Release|x86.Deploy.0 = Release|x86
	EndGlobalSection
	GlobalSection(SolutionProperties) = preSolution
		HideSolutionNode = FALSE
	EndGlobalSection
	GlobalSection(ExtensibilityGlobals) = postSolution
		SolutionGuid = {300FFFCC-37BC-4F8F-976E-650314C2712D}
	EndGlobalSection
EndGlobal
